
Microsoft Visual Studio Solution File, Format Version 12.00
# Visual Studio Version 17
VisualStudioVersion = 17.7.34003.232
MinimumVisualStudioVersion = 10.0.40219.1
Project("{FAE04EC0-301F-11D3-BF4B-00C04F79EFBC}") = "Practica_2", "Practica_2\Practica_2.csproj", "{783E4449-B7CA-4FB0-9D4E-320524E0AB5C}"
EndProject
Project("{FAE04EC0-301F-11D3-BF4B-00C04F79EFBC}") = "Practica_2Tests", "Practica_2Tests\Practica_2Tests.csproj", "{1B156B1E-FABF-42BD-BB85-534ACC0E3CFC}"
EndProject
Global
	GlobalSection(SolutionConfigurationPlatforms) = preSolution
		Debug|Any CPU = Debug|Any CPU
		Release|Any CPU = Release|Any CPU
	EndGlobalSection
	GlobalSection(ProjectConfigurationPlatforms) = postSolution
		{783E4449-B7CA-4FB0-9D4E-320524E0AB5C}.Debug|Any CPU.ActiveCfg = Debug|Any CPU
		{783E4449-B7CA-4FB0-9D4E-320524E0AB5C}.Debug|Any CPU.Build.0 = Debug|Any CPU
		{783E4449-B7CA-4FB0-9D4E-320524E0AB5C}.Release|Any CPU.ActiveCfg = Release|Any CPU
		{783E4449-B7CA-4FB0-9D4E-320524E0AB5C}.Release|Any CPU.Build.0 = Release|Any CPU
		{1B156B1E-FABF-42BD-BB85-534ACC0E3CFC}.Debug|Any CPU.ActiveCfg = Debug|Any CPU
		{1B156B1E-FABF-42BD-BB85-534ACC0E3CFC}.Debug|Any CPU.Build.0 = Debug|Any CPU
		{1B156B1E-FABF-42BD-BB85-534ACC0E3CFC}.Release|Any CPU.ActiveCfg = Release|Any CPU
		{1B156B1E-FABF-42BD-BB85-534ACC0E3CFC}.Release|Any CPU.Build.0 = Release|Any CPU
	EndGlobalSection
	GlobalSection(SolutionProperties) = preSolution
		HideSolutionNode = FALSE
	EndGlobalSection
	GlobalSection(ExtensibilityGlobals) = postSolution
		SolutionGuid = {4BD19C99-4F19-4058-ADA4-24205590B2D8}
	EndGlobalSection
EndGlobal
